
Microsoft Visual Studio Solution File, Format Version 12.00
# Visual Studio Version 16
VisualStudioVersion = 16.0.29519.87
MinimumVisualStudioVersion = 10.0.40219.1
Project("{FAE04EC0-301F-11D3-BF4B-00C04F79EFBC}") = "Test", "Test\Test.csproj", "{0FA2CEF7-757D-4F28-BCCC-31E498D0B27B}"
EndProject
Global
	GlobalSection(SolutionConfigurationPlatforms) = preSolution
		Debug|Any CPU = Debug|Any CPU
		Release|Any CPU = Release|Any CPU
	EndGlobalSection
	GlobalSection(ProjectConfigurationPlatforms) = postSolution
		{0FA2CEF7-757D-4F28-BCCC-31E498D0B27B}.Debug|Any CPU.ActiveCfg = Debug|Any CPU
		{0FA2CEF7-757D-4F28-BCCC-31E498D0B27B}.Debug|Any CPU.Build.0 = Debug|Any CPU
		{0FA2CEF7-757D-4F28-BCCC-31E498D0B27B}.Release|Any CPU.ActiveCfg = Release|Any CPU
		{0FA2CEF7-757D-4F28-BCCC-31E498D0B27B}.Release|Any CPU.Build.0 = Release|Any CPU
	EndGlobalSection
	GlobalSection(SolutionProperties) = preSolution
		HideSolutionNode = FALSE
	EndGlobalSection
	GlobalSection(ExtensibilityGlobals) = postSolution
		SolutionGuid = {B0E3F35C-15C6-4FD1-9768-67E21341D5D8}
	EndGlobalSection
EndGlobal
